// !$*UTF8*$!
{
	archiveVersion = 1;
	classes = {
	};
	objectVersion = 55;
	objects = {

/* Begin PBXBuildFile section */
		8D6DD55828D4CA4100738157 /* IslandModel2App.swift in Sources */ = {isa = PBXBuildFile; fileRef = 8D6DD55728D4CA4100738157 /* IslandModel2App.swift */; };
		8D6DD55A28D4CA4100738157 /* ContentView.swift in Sources */ = {isa = PBXBuildFile; fileRef = 8D6DD55928D4CA4100738157 /* ContentView.swift */; };
		8D6DD55C28D4CA4500738157 /* Assets.xcassets in Resources */ = {isa = PBXBuildFile; fileRef = 8D6DD55B28D4CA4500738157 /* Assets.xcassets */; };
		8D6DD55F28D4CA4500738157 /* Preview Assets.xcassets in Resources */ = {isa = PBXBuildFile; fileRef = 8D6DD55E28D4CA4500738157 /* Preview Assets.xcassets */; };
		8D6DD56A28D4CA4500738157 /* IslandModel2Tests.swift in Sources */ = {isa = PBXBuildFile; fileRef = 8D6DD56928D4CA4500738157 /* IslandModel2Tests.swift */; };
		8D6DD57428D4CA4500738157 /* IslandModel2UITests.swift in Sources */ = {isa = PBXBuildFile; fileRef = 8D6DD57328D4CA4500738157 /* IslandModel2UITests.swift */; };
		8D6DD57628D4CA4500738157 /* IslandModel2UITestsLaunchTests.swift in Sources */ = {isa = PBXBuildFile; fileRef = 8D6DD57528D4CA4500738157 /* IslandModel2UITestsLaunchTests.swift */; };
/* End PBXBuildFile section */

/* Begin PBXContainerItemProxy section */
		8D6DD56628D4CA4500738157 /* PBXContainerItemProxy */ = {
			isa = PBXContainerItemProxy;
			containerPortal = 8D6DD54C28D4CA4100738157 /* Project object */;
			proxyType = 1;
			remoteGlobalIDString = 8D6DD55328D4CA4100738157;
			remoteInfo = IslandModel2;
		};
		8D6DD57028D4CA4500738157 /* PBXContainerItemProxy */ = {
			isa = PBXContainerItemProxy;
			containerPortal = 8D6DD54C28D4CA4100738157 /* Project object */;
			proxyType = 1;
			remoteGlobalIDString = 8D6DD55328D4CA4100738157;
			remoteInfo = IslandModel2;
		};
/* End PBXContainerItemProxy section */

/* Begin PBXFileReference section */
		8D6DD55428D4CA4100738157 /* IslandModel2.app */ = {isa = PBXFileReference; explicitFileType = wrapper.application; includeInIndex = 0; path = IslandModel2.app; sourceTree = BUILT_PRODUCTS_DIR; };
		8D6DD55728D4CA4100738157 /* IslandModel2App.swift */ = {isa = PBXFileReference; lastKnownFileType = sourcecode.swift; path = IslandModel2App.swift; sourceTree = "<group>"; };
		8D6DD55928D4CA4100738157 /* ContentView.swift */ = {isa = PBXFileReference; lastKnownFileType = sourcecode.swift; path = ContentView.swift; sourceTree = "<group>"; };
		8D6DD55B28D4CA4500738157 /* Assets.xcassets */ = {isa = PBXFileReference; lastKnownFileType = folder.assetcatalog; path = Assets.xcassets; sourceTree = "<group>"; };
		8D6DD55E28D4CA4500738157 /* Preview Assets.xcassets */ = {isa = PBXFileReference; lastKnownFileType = folder.assetcatalog; path = "Preview Assets.xcassets"; sourceTree = "<group>"; };
		8D6DD56028D4CA4500738157 /* IslandModel2.entitlements */ = {isa = PBXFileReference; lastKnownFileType = text.plist.entitlements; path = IslandModel2.entitlements; sourceTree = "<group>"; };
		8D6DD56528D4CA4500738157 /* IslandModel2Tests.xctest */ = {isa = PBXFileReference; explicitFileType = wrapper.cfbundle; includeInIndex = 0; path = IslandModel2Tests.xctest; sourceTree = BUILT_PRODUCTS_DIR; };
		8D6DD56928D4CA4500738157 /* IslandModel2Tests.swift */ = {isa = PBXFileReference; lastKnownFileType = sourcecode.swift; path = IslandModel2Tests.swift; sourceTree = "<group>"; };
		8D6DD56F28D4CA4500738157 /* IslandModel2UITests.xctest */ = {isa = PBXFileReference; explicitFileType = wrapper.cfbundle; includeInIndex = 0; path = IslandModel2UITests.xctest; sourceTree = BUILT_PRODUCTS_DIR; };
		8D6DD57328D4CA4500738157 /* IslandModel2UITests.swift */ = {isa = PBXFileReference; lastKnownFileType = sourcecode.swift; path = IslandModel2UITests.swift; sourceTree = "<group>"; };
		8D6DD57528D4CA4500738157 /* IslandModel2UITestsLaunchTests.swift */ = {isa = PBXFileReference; lastKnownFileType = sourcecode.swift; path = IslandModel2UITestsLaunchTests.swift; sourceTree = "<group>"; };
/* End PBXFileReference section */

/* Begin PBXFrameworksBuildPhase section */
		8D6DD55128D4CA4100738157 /* Frameworks */ = {
			isa = PBXFrameworksBuildPhase;
			buildActionMask = 2147483647;
			files = (
			);
			runOnlyForDeploymentPostprocessing = 0;
		};
		8D6DD56228D4CA4500738157 /* Frameworks */ = {
			isa = PBXFrameworksBuildPhase;
			buildActionMask = 2147483647;
			files = (
			);
			runOnlyForDeploymentPostprocessing = 0;
		};
		8D6DD56C28D4CA4500738157 /* Frameworks */ = {
			isa = PBXFrameworksBuildPhase;
			buildActionMask = 2147483647;
			files = (
			);
			runOnlyForDeploymentPostprocessing = 0;
		};
/* End PBXFrameworksBuildPhase section */

/* Begin PBXGroup section */
		8D6DD54B28D4CA4100738157 = {
			isa = PBXGroup;
			children = (
				8D6DD55628D4CA4100738157 /* IslandModel2 */,
				8D6DD56828D4CA4500738157 /* IslandModel2Tests */,
				8D6DD57228D4CA4500738157 /* IslandModel2UITests */,
				8D6DD55528D4CA4100738157 /* Products */,
			);
			sourceTree = "<group>";
		};
		8D6DD55528D4CA4100738157 /* Products */ = {
			isa = PBXGroup;
			children = (
				8D6DD55428D4CA4100738157 /* IslandModel2.app */,
				8D6DD56528D4CA4500738157 /* IslandModel2Tests.xctest */,
				8D6DD56F28D4CA4500738157 /* IslandModel2UITests.xctest */,
			);
			name = Products;
			sourceTree = "<group>";
		};
		8D6DD55628D4CA4100738157 /* IslandModel2 */ = {
			isa = PBXGroup;
			children = (
				8D6DD55728D4CA4100738157 /* IslandModel2App.swift */,
				8D6DD55928D4CA4100738157 /* ContentView.swift */,
				8D6DD55B28D4CA4500738157 /* Assets.xcassets */,
				8D6DD56028D4CA4500738157 /* IslandModel2.entitlements */,
				8D6DD55D28D4CA4500738157 /* Preview Content */,
			);
			path = IslandModel2;
			sourceTree = "<group>";
		};
		8D6DD55D28D4CA4500738157 /* Preview Content */ = {
			isa = PBXGroup;
			children = (
				8D6DD55E28D4CA4500738157 /* Preview Assets.xcassets */,
			);
			path = "Preview Content";
			sourceTree = "<group>";
		};
		8D6DD56828D4CA4500738157 /* IslandModel2Tests */ = {
			isa = PBXGroup;
			children = (
				8D6DD56928D4CA4500738157 /* IslandModel2Tests.swift */,
			);
			path = IslandModel2Tests;
			sourceTree = "<group>";
		};
		8D6DD57228D4CA4500738157 /* IslandModel2UITests */ = {
			isa = PBXGroup;
			children = (
				8D6DD57328D4CA4500738157 /* IslandModel2UITests.swift */,
				8D6DD57528D4CA4500738157 /* IslandModel2UITestsLaunchTests.swift */,
			);
			path = IslandModel2UITests;
			sourceTree = "<group>";
		};
/* End PBXGroup section */

/* Begin PBXNativeTarget section */
		8D6DD55328D4CA4100738157 /* IslandModel2 */ = {
			isa = PBXNativeTarget;
			buildConfigurationList = 8D6DD57928D4CA4500738157 /* Build configuration list for PBXNativeTarget "IslandModel2" */;
			buildPhases = (
				8D6DD55028D4CA4100738157 /* Sources */,
				8D6DD55128D4CA4100738157 /* Frameworks */,
				8D6DD55228D4CA4100738157 /* Resources */,
			);
			buildRules = (
			);
			dependencies = (
			);
			name = IslandModel2;
			productName = IslandModel2;
			productReference = 8D6DD55428D4CA4100738157 /* IslandModel2.app */;
			productType = "com.apple.product-type.application";
		};
		8D6DD56428D4CA4500738157 /* IslandModel2Tests */ = {
			isa = PBXNativeTarget;
			buildConfigurationList = 8D6DD57C28D4CA4500738157 /* Build configuration list for PBXNativeTarget "IslandModel2Tests" */;
			buildPhases = (
				8D6DD56128D4CA4500738157 /* Sources */,
				8D6DD56228D4CA4500738157 /* Frameworks */,
				8D6DD56328D4CA4500738157 /* Resources */,
			);
			buildRules = (
			);
			dependencies = (
				8D6DD56728D4CA4500738157 /* PBXTargetDependency */,
			);
			name = IslandModel2Tests;
			productName = IslandModel2Tests;
			productReference = 8D6DD56528D4CA4500738157 /* IslandModel2Tests.xctest */;
			productType = "com.apple.product-type.bundle.unit-test";
		};
		8D6DD56E28D4CA4500738157 /* IslandModel2UITests */ = {
			isa = PBXNativeTarget;
			buildConfigurationList = 8D6DD57F28D4CA4500738157 /* Build configuration list for PBXNativeTarget "IslandModel2UITests" */;
			buildPhases = (
				8D6DD56B28D4CA4500738157 /* Sources */,
				8D6DD56C28D4CA4500738157 /* Frameworks */,
				8D6DD56D28D4CA4500738157 /* Resources */,
			);
			buildRules = (
			);
			dependencies = (
				8D6DD57128D4CA4500738157 /* PBXTargetDependency */,
			);
			name = IslandModel2UITests;
			productName = IslandModel2UITests;
			productReference = 8D6DD56F28D4CA4500738157 /* IslandModel2UITests.xctest */;
			productType = "com.apple.product-type.bundle.ui-testing";
		};
/* End PBXNativeTarget section */

/* Begin PBXProject section */
		8D6DD54C28D4CA4100738157 /* Project object */ = {
			isa = PBXProject;
			attributes = {
				BuildIndependentTargetsInParallel = 1;
				LastSwiftUpdateCheck = 1340;
				LastUpgradeCheck = 1340;
				TargetAttributes = {
					8D6DD55328D4CA4100738157 = {
						CreatedOnToolsVersion = 13.4.1;
					};
					8D6DD56428D4CA4500738157 = {
						CreatedOnToolsVersion = 13.4.1;
						TestTargetID = 8D6DD55328D4CA4100738157;
					};
					8D6DD56E28D4CA4500738157 = {
						CreatedOnToolsVersion = 13.4.1;
						TestTargetID = 8D6DD55328D4CA4100738157;
					};
				};
			};
			buildConfigurationList = 8D6DD54F28D4CA4100738157 /* Build configuration list for PBXProject "IslandModel2" */;
			compatibilityVersion = "Xcode 13.0";
			developmentRegion = en;
			hasScannedForEncodings = 0;
			knownRegions = (
				en,
				Base,
			);
			mainGroup = 8D6DD54B28D4CA4100738157;
			productRefGroup = 8D6DD55528D4CA4100738157 /* Products */;
			projectDirPath = "";
			projectRoot = "";
			targets = (
				8D6DD55328D4CA4100738157 /* IslandModel2 */,
				8D6DD56428D4CA4500738157 /* IslandModel2Tests */,
				8D6DD56E28D4CA4500738157 /* IslandModel2UITests */,
			);
		};
/* End PBXProject section */

/* Begin PBXResourcesBuildPhase section */
		8D6DD55228D4CA4100738157 /* Resources */ = {
			isa = PBXResourcesBuildPhase;
			buildActionMask = 2147483647;
			files = (
				8D6DD55F28D4CA4500738157 /* Preview Assets.xcassets in Resources */,
				8D6DD55C28D4CA4500738157 /* Assets.xcassets in Resources */,
			);
			runOnlyForDeploymentPostprocessing = 0;
		};
		8D6DD56328D4CA4500738157 /* Resources */ = {
			isa = PBXResourcesBuildPhase;
			buildActionMask = 2147483647;
			files = (
			);
			runOnlyForDeploymentPostprocessing = 0;
		};
		8D6DD56D28D4CA4500738157 /* Resources */ = {
			isa = PBXResourcesBuildPhase;
			buildActionMask = 2147483647;
			files = (
			);
			runOnlyForDeploymentPostprocessing = 0;
		};
/* End PBXResourcesBuildPhase section */

/* Begin PBXSourcesBuildPhase section */
		8D6DD55028D4CA4100738157 /* Sources */ = {
			isa = PBXSourcesBuildPhase;
			buildActionMask = 2147483647;
			files = (
				8D6DD55A28D4CA4100738157 /* ContentView.swift in Sources */,
				8D6DD55828D4CA4100738157 /* IslandModel2App.swift in Sources */,
			);
			runOnlyForDeploymentPostprocessing = 0;
		};
		8D6DD56128D4CA4500738157 /* Sources */ = {
			isa = PBXSourcesBuildPhase;
			buildActionMask = 2147483647;
			files = (
				8D6DD56A28D4CA4500738157 /* IslandModel2Tests.swift in Sources */,
			);
			runOnlyForDeploymentPostprocessing = 0;
		};
		8D6DD56B28D4CA4500738157 /* Sources */ = {
			isa = PBXSourcesBuildPhase;
			buildActionMask = 2147483647;
			files = (
				8D6DD57628D4CA4500738157 /* IslandModel2UITestsLaunchTests.swift in Sources */,
				8D6DD57428D4CA4500738157 /* IslandModel2UITests.swift in Sources */,
			);
			runOnlyForDeploymentPostprocessing = 0;
		};
/* End PBXSourcesBuildPhase section */

/* Begin PBXTargetDependency section */
		8D6DD56728D4CA4500738157 /* PBXTargetDependency */ = {
			isa = PBXTargetDependency;
			target = 8D6DD55328D4CA4100738157 /* IslandModel2 */;
			targetProxy = 8D6DD56628D4CA4500738157 /* PBXContainerItemProxy */;
		};
		8D6DD57128D4CA4500738157 /* PBXTargetDependency */ = {
			isa = PBXTargetDependency;
			target = 8D6DD55328D4CA4100738157 /* IslandModel2 */;
			targetProxy = 8D6DD57028D4CA4500738157 /* PBXContainerItemProxy */;
		};
/* End PBXTargetDependency section */

/* Begin XCBuildConfiguration section */
		8D6DD57728D4CA4500738157 /* Debug */ = {
			isa = XCBuildConfiguration;
			buildSettings = {
				ALWAYS_SEARCH_USER_PATHS = NO;
				CLANG_ANALYZER_NONNULL = YES;
				CLANG_ANALYZER_NUMBER_OBJECT_CONVERSION = YES_AGGRESSIVE;
				CLANG_CXX_LANGUAGE_STANDARD = "gnu++17";
				CLANG_ENABLE_MODULES = YES;
				CLANG_ENABLE_OBJC_ARC = YES;
				CLANG_ENABLE_OBJC_WEAK = YES;
				CLANG_WARN_BLOCK_CAPTURE_AUTORELEASING = YES;
				CLANG_WARN_BOOL_CONVERSION = YES;
				CLANG_WARN_COMMA = YES;
				CLANG_WARN_CONSTANT_CONVERSION = YES;
				CLANG_WARN_DEPRECATED_OBJC_IMPLEMENTATIONS = YES;
				CLANG_WARN_DIRECT_OBJC_ISA_USAGE = YES_ERROR;
				CLANG_WARN_DOCUMENTATION_COMMENTS = YES;
				CLANG_WARN_EMPTY_BODY = YES;
				CLANG_WARN_ENUM_CONVERSION = YES;
				CLANG_WARN_INFINITE_RECURSION = YES;
				CLANG_WARN_INT_CONVERSION = YES;
				CLANG_WARN_NON_LITERAL_NULL_CONVERSION = YES;
				CLANG_WARN_OBJC_IMPLICIT_RETAIN_SELF = YES;
				CLANG_WARN_OBJC_LITERAL_CONVERSION = YES;
				CLANG_WARN_OBJC_ROOT_CLASS = YES_ERROR;
				CLANG_WARN_QUOTED_INCLUDE_IN_FRAMEWORK_HEADER = YES;
				CLANG_WARN_RANGE_LOOP_ANALYSIS = YES;
				CLANG_WARN_STRICT_PROTOTYPES = YES;
				CLANG_WARN_SUSPICIOUS_MOVE = YES;
				CLANG_WARN_UNGUARDED_AVAILABILITY = YES_AGGRESSIVE;
				CLANG_WARN_UNREACHABLE_CODE = YES;
				CLANG_WARN__DUPLICATE_METHOD_MATCH = YES;
				COPY_PHASE_STRIP = NO;
				DEBUG_INFORMATION_FORMAT = dwarf;
				ENABLE_STRICT_OBJC_MSGSEND = YES;
				ENABLE_TESTABILITY = YES;
				GCC_C_LANGUAGE_STANDARD = gnu11;
				GCC_DYNAMIC_NO_PIC = NO;
				GCC_NO_COMMON_BLOCKS = YES;
				GCC_OPTIMIZATION_LEVEL = 0;
				GCC_PREPROCESSOR_DEFINITIONS = (
					"DEBUG=1",
					"$(inherited)",
				);
				GCC_WARN_64_TO_32_BIT_CONVERSION = YES;
				GCC_WARN_ABOUT_RETURN_TYPE = YES_ERROR;
				GCC_WARN_UNDECLARED_SELECTOR = YES;
				GCC_WARN_UNINITIALIZED_AUTOS = YES_AGGRESSIVE;
				GCC_WARN_UNUSED_FUNCTION = YES;
				GCC_WARN_UNUSED_VARIABLE = YES;
				MACOSX_DEPLOYMENT_TARGET = 12.3;
				MTL_ENABLE_DEBUG_INFO = INCLUDE_SOURCE;
				MTL_FAST_MATH = YES;
				ONLY_ACTIVE_ARCH = YES;
				SDKROOT = macosx;
				SWIFT_ACTIVE_COMPILATION_CONDITIONS = DEBUG;
				SWIFT_OPTIMIZATION_LEVEL = "-Onone";
			};
			name = Debug;
		};
		8D6DD57828D4CA4500738157 /* Release */ = {
			isa = XCBuildConfiguration;
			buildSettings = {
				ALWAYS_SEARCH_USER_PATHS = NO;
				CLANG_ANALYZER_NONNULL = YES;
				CLANG_ANALYZER_NUMBER_OBJECT_CONVERSION = YES_AGGRESSIVE;
				CLANG_CXX_LANGUAGE_STANDARD = "gnu++17";
				CLANG_ENABLE_MODULES = YES;
				CLANG_ENABLE_OBJC_ARC = YES;
				CLANG_ENABLE_OBJC_WEAK = YES;
				CLANG_WARN_BLOCK_CAPTURE_AUTORELEASING = YES;
				CLANG_WARN_BOOL_CONVERSION = YES;
				CLANG_WARN_COMMA = YES;
				CLANG_WARN_CONSTANT_CONVERSION = YES;
				CLANG_WARN_DEPRECATED_OBJC_IMPLEMENTATIONS = YES;
				CLANG_WARN_DIRECT_OBJC_ISA_USAGE = YES_ERROR;
				CLANG_WARN_DOCUMENTATION_COMMENTS = YES;
				CLANG_WARN_EMPTY_BODY = YES;
				CLANG_WARN_ENUM_CONVERSION = YES;
				CLANG_WARN_INFINITE_RECURSION = YES;
				CLANG_WARN_INT_CONVERSION = YES;
				CLANG_WARN_NON_LITERAL_NULL_CONVERSION = YES;
				CLANG_WARN_OBJC_IMPLICIT_RETAIN_SELF = YES;
				CLANG_WARN_OBJC_LITERAL_CONVERSION = YES;
				CLANG_WARN_OBJC_ROOT_CLASS = YES_ERROR;
				CLANG_WARN_QUOTED_INCLUDE_IN_FRAMEWORK_HEADER = YES;
				CLANG_WARN_RANGE_LOOP_ANALYSIS = YES;
				CLANG_WARN_STRICT_PROTOTYPES = YES;
				CLANG_WARN_SUSPICIOUS_MOVE = YES;
				CLANG_WARN_UNGUARDED_AVAILABILITY = YES_AGGRESSIVE;
				CLANG_WARN_UNREACHABLE_CODE = YES;
				CLANG_WARN__DUPLICATE_METHOD_MATCH = YES;
				COPY_PHASE_STRIP = NO;
				DEBUG_INFORMATION_FORMAT = "dwarf-with-dsym";
				ENABLE_NS_ASSERTIONS = NO;
				ENABLE_STRICT_OBJC_MSGSEND = YES;
				GCC_C_LANGUAGE_STANDARD = gnu11;
				GCC_NO_COMMON_BLOCKS = YES;
				GCC_WARN_64_TO_32_BIT_CONVERSION = YES;
				GCC_WARN_ABOUT_RETURN_TYPE = YES_ERROR;
				GCC_WARN_UNDECLARED_SELECTOR = YES;
				GCC_WARN_UNINITIALIZED_AUTOS = YES_AGGRESSIVE;
				GCC_WARN_UNUSED_FUNCTION = YES;
				GCC_WARN_UNUSED_VARIABLE = YES;
				MACOSX_DEPLOYMENT_TARGET = 12.3;
				MTL_ENABLE_DEBUG_INFO = NO;
				MTL_FAST_MATH = YES;
				SDKROOT = macosx;
				SWIFT_COMPILATION_MODE = wholemodule;
				SWIFT_OPTIMIZATION_LEVEL = "-O";
			};
			name = Release;
		};
		8D6DD57A28D4CA4500738157 /* Debug */ = {
			isa = XCBuildConfiguration;
			buildSettings = {
				ASSETCATALOG_COMPILER_APPICON_NAME = AppIcon;
				ASSETCATALOG_COMPILER_GLOBAL_ACCENT_COLOR_NAME = AccentColor;
				CODE_SIGN_ENTITLEMENTS = IslandModel2/IslandModel2.entitlements;
				CODE_SIGN_STYLE = Automatic;
				COMBINE_HIDPI_IMAGES = YES;
				CURRENT_PROJECT_VERSION = 1;
				DEVELOPMENT_ASSET_PATHS = "\"IslandModel2/Preview Content\"";
				ENABLE_PREVIEWS = YES;
				GENERATE_INFOPLIST_FILE = YES;
				INFOPLIST_KEY_NSHumanReadableCopyright = "";
				LD_RUNPATH_SEARCH_PATHS = (
					"$(inherited)",
					"@executable_path/../Frameworks",
				);
				MARKETING_VERSION = 1.0;
				PRODUCT_BUNDLE_IDENTIFIER = arturs.IslandModel2;
				PRODUCT_NAME = "$(TARGET_NAME)";
				SWIFT_EMIT_LOC_STRINGS = YES;
				SWIFT_VERSION = 5.0;
			};
			name = Debug;
		};
		8D6DD57B28D4CA4500738157 /* Release */ = {
			isa = XCBuildConfiguration;
			buildSettings = {
				ASSETCATALOG_COMPILER_APPICON_NAME = AppIcon;
				ASSETCATALOG_COMPILER_GLOBAL_ACCENT_COLOR_NAME = AccentColor;
				CODE_SIGN_ENTITLEMENTS = IslandModel2/IslandModel2.entitlements;
				CODE_SIGN_STYLE = Automatic;
				COMBINE_HIDPI_IMAGES = YES;
				CURRENT_PROJECT_VERSION = 1;
				DEVELOPMENT_ASSET_PATHS = "\"IslandModel2/Preview Content\"";
				ENABLE_PREVIEWS = YES;
				GENERATE_INFOPLIST_FILE = YES;
				INFOPLIST_KEY_NSHumanReadableCopyright = "";
				LD_RUNPATH_SEARCH_PATHS = (
					"$(inherited)",
					"@executable_path/../Frameworks",
				);
				MARKETING_VERSION = 1.0;
				PRODUCT_BUNDLE_IDENTIFIER = arturs.IslandModel2;
				PRODUCT_NAME = "$(TARGET_NAME)";
				SWIFT_EMIT_LOC_STRINGS = YES;
				SWIFT_VERSION = 5.0;
			};
			name = Release;
		};
		8D6DD57D28D4CA4500738157 /* Debug */ = {
			isa = XCBuildConfiguration;
			buildSettings = {
				ALWAYS_EMBED_SWIFT_STANDARD_LIBRARIES = YES;
				BUNDLE_LOADER = "$(TEST_HOST)";
				CODE_SIGN_STYLE = Automatic;
				CURRENT_PROJECT_VERSION = 1;
				GENERATE_INFOPLIST_FILE = YES;
				MACOSX_DEPLOYMENT_TARGET = 12.3;
				MARKETING_VERSION = 1.0;
				PRODUCT_BUNDLE_IDENTIFIER = arturs.IslandModel2Tests;
				PRODUCT_NAME = "$(TARGET_NAME)";
				SWIFT_EMIT_LOC_STRINGS = NO;
				SWIFT_VERSION = 5.0;
				TEST_HOST = "$(BUILT_PRODUCTS_DIR)/IslandModel2.app/Contents/MacOS/IslandModel2";
			};
			name = Debug;
		};
		8D6DD57E28D4CA4500738157 /* Release */ = {
			isa = XCBuildConfiguration;
			buildSettings = {
				ALWAYS_EMBED_SWIFT_STANDARD_LIBRARIES = YES;
				BUNDLE_LOADER = "$(TEST_HOST)";
				CODE_SIGN_STYLE = Automatic;
				CURRENT_PROJECT_VERSION = 1;
				GENERATE_INFOPLIST_FILE = YES;
				MACOSX_DEPLOYMENT_TARGET = 12.3;
				MARKETING_VERSION = 1.0;
				PRODUCT_BUNDLE_IDENTIFIER = arturs.IslandModel2Tests;
				PRODUCT_NAME = "$(TARGET_NAME)";
				SWIFT_EMIT_LOC_STRINGS = NO;
				SWIFT_VERSION = 5.0;
				TEST_HOST = "$(BUILT_PRODUCTS_DIR)/IslandModel2.app/Contents/MacOS/IslandModel2";
			};
			name = Release;
		};
		8D6DD58028D4CA4500738157 /* Debug */ = {
			isa = XCBuildConfiguration;
			buildSettings = {
				ALWAYS_EMBED_SWIFT_STANDARD_LIBRARIES = YES;
				CODE_SIGN_STYLE = Automatic;
				CURRENT_PROJECT_VERSION = 1;
				GENERATE_INFOPLIST_FILE = YES;
				MARKETING_VERSION = 1.0;
				PRODUCT_BUNDLE_IDENTIFIER = arturs.IslandModel2UITests;
				PRODUCT_NAME = "$(TARGET_NAME)";
				SWIFT_EMIT_LOC_STRINGS = NO;
				SWIFT_VERSION = 5.0;
				TEST_TARGET_NAME = IslandModel2;
			};
			name = Debug;
		};
		8D6DD58128D4CA4500738157 /* Release */ = {
			isa = XCBuildConfiguration;
			buildSettings = {
				ALWAYS_EMBED_SWIFT_STANDARD_LIBRARIES = YES;
				CODE_SIGN_STYLE = Automatic;
				CURRENT_PROJECT_VERSION = 1;
				GENERATE_INFOPLIST_FILE = YES;
				MARKETING_VERSION = 1.0;
				PRODUCT_BUNDLE_IDENTIFIER = arturs.IslandModel2UITests;
				PRODUCT_NAME = "$(TARGET_NAME)";
				SWIFT_EMIT_LOC_STRINGS = NO;
				SWIFT_VERSION = 5.0;
				TEST_TARGET_NAME = IslandModel2;
			};
			name = Release;
		};
/* End XCBuildConfiguration section */

/* Begin XCConfigurationList section */
		8D6DD54F28D4CA4100738157 /* Build configuration list for PBXProject "IslandModel2" */ = {
			isa = XCConfigurationList;
			buildConfigurations = (
				8D6DD57728D4CA4500738157 /* Debug */,
				8D6DD57828D4CA4500738157 /* Release */,
			);
			defaultConfigurationIsVisible = 0;
			defaultConfigurationName = Release;
		};
		8D6DD57928D4CA4500738157 /* Build configuration list for PBXNativeTarget "IslandModel2" */ = {
			isa = XCConfigurationList;
			buildConfigurations = (
				8D6DD57A28D4CA4500738157 /* Debug */,
				8D6DD57B28D4CA4500738157 /* Release */,
			);
			defaultConfigurationIsVisible = 0;
			defaultConfigurationName = Release;
		};
		8D6DD57C28D4CA4500738157 /* Build configuration list for PBXNativeTarget "IslandModel2Tests" */ = {
			isa = XCConfigurationList;
			buildConfigurations = (
				8D6DD57D28D4CA4500738157 /* Debug */,
				8D6DD57E28D4CA4500738157 /* Release */,
			);
			defaultConfigurationIsVisible = 0;
			defaultConfigurationName = Release;
		};
		8D6DD57F28D4CA4500738157 /* Build configuration list for PBXNativeTarget "IslandModel2UITests" */ = {
			isa = XCConfigurationList;
			buildConfigurations = (
				8D6DD58028D4CA4500738157 /* Debug */,
				8D6DD58128D4CA4500738157 /* Release */,
			);
			defaultConfigurationIsVisible = 0;
			defaultConfigurationName = Release;
		};
/* End XCConfigurationList section */
	};
	rootObject = 8D6DD54C28D4CA4100738157 /* Project object */;
}
